{
    "version": 3,
    "terraform_version": "0.11.8",
    "serial": 7,
    "lineage": "0ae9cc82-008e-b375-327b-9db6d0ad8013",
    "modules": [
        {
            "path": [
                "root"
            ],
            "outputs": {},
            "resources": {
                "aws_cloudwatch_log_group.frontend": {
                    "type": "aws_cloudwatch_log_group",
                    "depends_on": [
                        "aws_lambda_function.frontend"
                    ],
                    "primary": {
                        "id": "/aws/lambda/frontend_dev",
                        "attributes": {
                            "arn": "arn:aws:logs:us-east-1:305508810825:log-group:/aws/lambda/frontend_dev:*",
                            "id": "/aws/lambda/frontend_dev",
                            "kms_key_id": "",
                            "name": "/aws/lambda/frontend_dev",
                            "retention_in_days": "30",
                            "tags.%": "0"
                        },
                        "meta": {},
                        "tainted": false
                    },
                    "deposed": [],
                    "provider": "provider.aws"
                },
                "aws_cloudwatch_log_subscription_filter.frontend": {
                    "type": "aws_cloudwatch_log_subscription_filter",
                    "depends_on": [
                        "aws_cloudwatch_log_group.frontend",
                        "aws_lambda_function.lambdalogger"
                    ],
                    "primary": {
                        "id": "cwlsf-2386461823",
                        "attributes": {
                            "destination_arn": "arn:aws:lambda:us-east-1:305508810825:function:logger_dev",
                            "id": "cwlsf-2386461823",
                            "log_group_name": "/aws/lambda/frontend_dev",
                            "name": "frontend_dev"
                        },
                        "meta": {},
                        "tainted": false
                    },
                    "deposed": [],
                    "provider": "provider.aws"
                },
                "aws_iam_role.lambdalogger": {
                    "type": "aws_iam_role",
                    "depends_on": [],
                    "primary": {
                        "id": "lambdalogger_dev",
                        "attributes": {
                            "arn": "arn:aws:iam::305508810825:role/lambdalogger_dev",
                            "assume_role_policy": "{\"Version\":\"2012-10-17\",\"Statement\":[{\"Sid\":\"\",\"Effect\":\"Allow\",\"Principal\":{\"Service\":\"lambda.amazonaws.com\"},\"Action\":\"sts:AssumeRole\"}]}",
                            "create_date": "2018-11-14T17:14:53Z",
                            "force_detach_policies": "false",
                            "id": "lambdalogger_dev",
                            "max_session_duration": "3600",
                            "name": "lambdalogger_dev",
                            "path": "/",
                            "unique_id": "AROAIBWM2COEPGNVJIDIQ"
                        },
                        "meta": {},
                        "tainted": false
                    },
                    "deposed": [],
                    "provider": "provider.aws"
                },
                "aws_iam_role_policy.cloudwatch_logs": {
                    "type": "aws_iam_role_policy",
                    "depends_on": [
                        "aws_iam_role.lambdalogger"
                    ],
                    "primary": {
                        "id": "lambdalogger_dev:allows_cloudwatch_logs_dev",
                        "attributes": {
                            "id": "lambdalogger_dev:allows_cloudwatch_logs_dev",
                            "name": "allows_cloudwatch_logs_dev",
                            "policy": "{\n  \"Version\": \"2012-10-17\",\n  \"Statement\": [\n    {\n      \"Effect\": \"Allow\",\n      \"Action\": [\n        \"logs:*\"\n      ],\n      \"Resource\": \"arn:aws:logs:*:*:*\"\n    }\n  ]\n}\n",
                            "role": "lambdalogger_dev"
                        },
                        "meta": {},
                        "tainted": false
                    },
                    "deposed": [],
                    "provider": "provider.aws"
                },
                "aws_iam_role_policy.s3_zips": {
                    "type": "aws_iam_role_policy",
                    "depends_on": [
                        "aws_iam_role.lambdalogger",
                        "aws_s3_bucket.zips"
                    ],
                    "primary": {
                        "id": "lambdalogger_dev:s3_zips_dev",
                        "attributes": {
                            "id": "lambdalogger_dev:s3_zips_dev",
                            "name": "s3_zips_dev",
                            "policy": "{\n  \"Version\": \"2012-10-17\",\n  \"Statement\": [\n    {\n      \"Effect\": \"Allow\",\n      \"Action\": [\n        \"s3:*\"\n      ],\n      \"Resource\": [\n        \"arn:aws:s3:::rybit-lambda-zips/*\"\n      ]\n    }\n  ]\n}\n",
                            "role": "lambdalogger_dev"
                        },
                        "meta": {},
                        "tainted": false
                    },
                    "deposed": [],
                    "provider": "provider.aws"
                },
                "aws_lambda_function.frontend": {
                    "type": "aws_lambda_function",
                    "depends_on": [
                        "aws_iam_role.lambdalogger",
                        "aws_s3_bucket.zips"
                    ],
                    "primary": {
                        "id": "frontend_dev",
                        "attributes": {
                            "arn": "arn:aws:lambda:us-east-1:305508810825:function:frontend_dev",
                            "dead_letter_config.#": "0",
                            "description": "",
                            "environment.#": "1",
                            "environment.0.variables.%": "3",
                            "environment.0.variables.ENV": "dev",
                            "environment.0.variables.LOG_LEVEL": "debug",
                            "environment.0.variables.SHA": "latest",
                            "function_name": "frontend_dev",
                            "handler": "frontend.out",
                            "id": "frontend_dev",
                            "invoke_arn": "arn:aws:apigateway:us-east-1:lambda:path/2015-03-31/functions/arn:aws:lambda:us-east-1:305508810825:function:frontend_dev/invocations",
                            "kms_key_arn": "",
                            "last_modified": "2018-11-14T18:17:36.145+0000",
                            "memory_size": "256",
                            "publish": "false",
                            "qualified_arn": "arn:aws:lambda:us-east-1:305508810825:function:frontend_dev:$LATEST",
                            "reserved_concurrent_executions": "0",
                            "role": "arn:aws:iam::305508810825:role/lambdalogger_dev",
                            "runtime": "go1.x",
                            "s3_bucket": "rybit-lambda-zips",
                            "s3_key": "lambdalogger/frontend_latest.zip",
                            "source_code_hash": "gn9k7q02W1TKN0cAkyhWqMvsjGsHDQaFVZ1kPsA/Q7Q=",
                            "tags.%": "1",
                            "tags.env": "dev",
                            "timeout": "300",
                            "tracing_config.#": "1",
                            "tracing_config.0.mode": "PassThrough",
                            "version": "$LATEST",
                            "vpc_config.#": "0"
                        },
                        "meta": {},
                        "tainted": false
                    },
                    "deposed": [],
                    "provider": "provider.aws"
                },
                "aws_lambda_function.lambdalogger": {
                    "type": "aws_lambda_function",
                    "depends_on": [
                        "aws_iam_role.lambdalogger",
                        "aws_s3_bucket.zips"
                    ],
                    "primary": {
                        "id": "logger_dev",
                        "attributes": {
                            "arn": "arn:aws:lambda:us-east-1:305508810825:function:logger_dev",
                            "dead_letter_config.#": "0",
                            "description": "",
                            "environment.#": "1",
                            "environment.0.variables.%": "5",
                            "environment.0.variables.ENV": "dev",
                            "environment.0.variables.HUMIO_REPOSITORY": "sandbox",
                            "environment.0.variables.HUMIO_TOKEN": "XKQuY2DL27gJ8CKlHy63ktinFGAgL0gLidGxjsQBHnvB",
                            "environment.0.variables.LOG_LEVEL": "debug",
                            "environment.0.variables.SHA": "latest",
                            "function_name": "logger_dev",
                            "handler": "logger.out",
                            "id": "logger_dev",
                            "invoke_arn": "arn:aws:apigateway:us-east-1:lambda:path/2015-03-31/functions/arn:aws:lambda:us-east-1:305508810825:function:logger_dev/invocations",
                            "kms_key_arn": "",
                            "last_modified": "2018-11-14T18:23:41.857+0000",
                            "memory_size": "256",
                            "publish": "false",
                            "qualified_arn": "arn:aws:lambda:us-east-1:305508810825:function:logger_dev:$LATEST",
                            "reserved_concurrent_executions": "0",
                            "role": "arn:aws:iam::305508810825:role/lambdalogger_dev",
                            "runtime": "go1.x",
                            "s3_bucket": "rybit-lambda-zips",
                            "s3_key": "lambdalogger/logger_latest.zip",
                            "source_code_hash": "mcgMKEf3GaWJm+4EI7s3My6K/U1X3zHP9EuYkFbkNJg=",
                            "tags.%": "1",
                            "tags.env": "dev",
                            "timeout": "300",
                            "tracing_config.#": "1",
                            "tracing_config.0.mode": "PassThrough",
                            "version": "$LATEST",
                            "vpc_config.#": "0"
                        },
                        "meta": {},
                        "tainted": false
                    },
                    "deposed": [],
                    "provider": "provider.aws"
                },
                "aws_lambda_permission.allow_cloudwatch": {
                    "type": "aws_lambda_permission",
                    "depends_on": [
                        "aws_lambda_function.lambdalogger",
                        "data.aws_caller_identity.current"
                    ],
                    "primary": {
                        "id": "AllowExecutionFromCloudWatch",
                        "attributes": {
                            "action": "lambda:InvokeFunction",
                            "function_name": "logger_dev",
                            "id": "AllowExecutionFromCloudWatch",
                            "principal": "logs.us-east-1.amazonaws.com",
                            "qualifier": "",
                            "source_arn": "arn:aws:logs:us-east-1:305508810825:log-group:*:*",
                            "statement_id": "AllowExecutionFromCloudWatch"
                        },
                        "meta": {},
                        "tainted": false
                    },
                    "deposed": [],
                    "provider": "provider.aws"
                },
                "aws_s3_bucket.zips": {
                    "type": "aws_s3_bucket",
                    "depends_on": [],
                    "primary": {
                        "id": "rybit-lambda-zips",
                        "attributes": {
                            "acceleration_status": "",
                            "acl": "private",
                            "arn": "arn:aws:s3:::rybit-lambda-zips",
                            "bucket": "rybit-lambda-zips",
                            "bucket_domain_name": "rybit-lambda-zips.s3.amazonaws.com",
                            "force_destroy": "false",
                            "hosted_zone_id": "Z3AQBSTGFYJSTF",
                            "id": "rybit-lambda-zips",
                            "logging.#": "0",
                            "region": "us-east-1",
                            "replication_configuration.#": "0",
                            "request_payer": "BucketOwner",
                            "server_side_encryption_configuration.#": "0",
                            "tags.%": "0",
                            "versioning.#": "1",
                            "versioning.0.enabled": "false",
                            "versioning.0.mfa_delete": "false",
                            "website.#": "0"
                        },
                        "meta": {},
                        "tainted": false
                    },
                    "deposed": [],
                    "provider": "provider.aws"
                },
                "data.aws_caller_identity.current": {
                    "type": "aws_caller_identity",
                    "depends_on": [],
                    "primary": {
                        "id": "2018-11-14 18:23:32.608149 +0000 UTC",
                        "attributes": {
                            "account_id": "305508810825",
                            "arn": "arn:aws:iam::305508810825:user/ryan",
                            "id": "2018-11-14 18:23:32.608149 +0000 UTC",
                            "user_id": "AIDAIPJDBXI27FHS2BGZ2"
                        },
                        "meta": {},
                        "tainted": false
                    },
                    "deposed": [],
                    "provider": "provider.aws"
                }
            },
            "depends_on": []
        }
    ]
}
